# THIS IS AN AUTOGENERATED FILE. DO NOT EDIT THIS FILE DIRECTLY.
# yarn lockfile v1


"@babel/helper-string-parser@^7.27.1":
  version "7.27.1"
  resolved "https://registry.npmmirror.com/@babel/helper-string-parser/-/helper-string-parser-7.27.1.tgz"
  integrity sha512-qMlSxKbpRlAridDExk92nSobyDdpPijUq2DW6oDnUqd0iOGxmQjyqhMIihI9+zv4LPyZdRje2cavWPbCbWm3eA==

"@babel/helper-validator-identifier@^7.28.5":
  version "7.28.5"
  resolved "https://registry.npmmirror.com/@babel/helper-validator-identifier/-/helper-validator-identifier-7.28.5.tgz"
  integrity sha512-qSs4ifwzKJSV39ucNjsvc6WVHs6b7S03sOh2OcHF9UHfVPqWWALUsNUVzhSBiItjRZoLHx7nIarVjqKVusUZ1Q==

"@babel/parser@^7.28.5":
  version "7.29.0"
  resolved "https://registry.npmmirror.com/@babel/parser/-/parser-7.29.0.tgz"
  integrity sha512-IyDgFV5GeDUVX4YdF/3CPULtVGSXXMLh1xVIgdCgxApktqnQV0r7/8Nqthg+8YLGaAtdyIlo2qIdZrbCv4+7ww==
  dependencies:
    "@babel/types" "^7.29.0"

"@babel/types@^7.29.0":
  version "7.29.0"
  resolved "https://registry.npmmirror.com/@babel/types/-/types-7.29.0.tgz"
  integrity sha512-LwdZHpScM4Qz8Xw2iKSzS+cfglZzJGvofQICy7W7v4caru4EaAmyUuO6BGrbyQ2mYV11W0U8j5mBhd14dd3B0A==
  dependencies:
    "@babel/helper-string-parser" "^7.27.1"
    "@babel/helper-validator-identifier" "^7.28.5"

"@jridgewell/sourcemap-codec@^1.5.5":
  version "1.5.5"
  resolved "https://registry.npmmirror.com/@jridgewell/sourcemap-codec/-/sourcemap-codec-1.5.5.tgz"
  integrity sha512-cYQ9310grqxueWbl+WuIUIaiUaDcj7WOq5fVhEljNVgRfOUhY9fy2zTvfoqWsnebh8Sl70VScFbICvJnLKB0Og==

"@oxc-project/runtime@0.97.0":
  version "0.97.0"
  resolved "https://registry.npmmirror.com/@oxc-project/runtime/-/runtime-0.97.0.tgz"
  integrity sha512-yH0zw7z+jEws4dZ4IUKoix5Lh3yhqIJWF9Dc8PWvhpo7U7O+lJrv7ZZL4BeRO0la8LBQFwcCewtLBnVV7hPe/w==

"@oxc-project/types@=0.97.0":
  version "0.97.0"
  resolved "https://registry.npmmirror.com/@oxc-project/types/-/types-0.97.0.tgz"
  integrity sha512-lxmZK4xFrdvU0yZiDwgVQTCvh2gHWBJCBk5ALsrtsBWhs0uDIi+FTOnXRQeQfs304imdvTdaakT/lqwQ8hkOXQ==

"@rolldown/binding-win32-x64-msvc@1.0.0-beta.50":
  version "1.0.0-beta.50"
  resolved "https://registry.npmmirror.com/@rolldown/binding-win32-x64-msvc/-/binding-win32-x64-msvc-1.0.0-beta.50.tgz"
  integrity sha512-4qU4x5DXWB4JPjyTne/wBNPqkbQU8J45bl21geERBKtEittleonioACBL1R0PsBu0Aq21SwMK5a9zdBkWSlQtQ==

"@rolldown/pluginutils@1.0.0-beta.50":
  version "1.0.0-beta.50"
  resolved "https://registry.npmmirror.com/@rolldown/pluginutils/-/pluginutils-1.0.0-beta.50.tgz"
  integrity sha512-5e76wQiQVeL1ICOZVUg4LSOVYg9jyhGCin+icYozhsUzM+fHE7kddi1bdiE0jwVqTfkjba3jUFbEkoC9WkdvyA==

"@rolldown/pluginutils@1.0.0-rc.2":
  version "1.0.0-rc.2"
  resolved "https://registry.npmmirror.com/@rolldown/pluginutils/-/pluginutils-1.0.0-rc.2.tgz"
  integrity sha512-izyXV/v+cHiRfozX62W9htOAvwMo4/bXKDrQ+vom1L1qRuexPock/7VZDAhnpHCLNejd3NJ6hiab+tO0D44Rgw==

"@rollup/plugin-alias@^6.0.0":
  version "6.0.0"
  resolved "https://registry.npmjs.org/@rollup/plugin-alias/-/plugin-alias-6.0.0.tgz"
  integrity sha512-tPCzJOtS7uuVZd+xPhoy5W4vThe6KWXNmsFCNktaAh5RTqcLiSfT4huPQIXkgJ6YCOjJHvecOAzQxLFhPxKr+g==

"@vitejs/plugin-vue@^6.0.1":
  version "6.0.4"
  resolved "https://registry.npmmirror.com/@vitejs/plugin-vue/-/plugin-vue-6.0.4.tgz"
  integrity sha512-uM5iXipgYIn13UUQCZNdWkYk+sysBeA97d5mHsAoAt1u/wpN3+zxOmsVJWosuzX+IMGRzeYUNytztrYznboIkQ==
  dependencies:
    "@rolldown/pluginutils" "1.0.0-rc.2"

"@vue/compiler-core@3.5.27":
  version "3.5.27"
  resolved "https://registry.npmmirror.com/@vue/compiler-core/-/compiler-core-3.5.27.tgz"
  integrity sha512-gnSBQjZA+//qDZen+6a2EdHqJ68Z7uybrMf3SPjEGgG4dicklwDVmMC1AeIHxtLVPT7sn6sH1KOO+tS6gwOUeQ==
  dependencies:
    "@babel/parser" "^7.28.5"
    "@vue/shared" "3.5.27"
    entities "^7.0.0"
    estree-walker "^2.0.2"
    source-map-js "^1.2.1"

"@vue/compiler-dom@3.5.27":
  version "3.5.27"
  resolved "https://registry.npmmirror.com/@vue/compiler-dom/-/compiler-dom-3.5.27.tgz"
  integrity sha512-oAFea8dZgCtVVVTEC7fv3T5CbZW9BxpFzGGxC79xakTr6ooeEqmRuvQydIiDAkglZEAd09LgVf1RoDnL54fu5w==
  dependencies:
    "@vue/compiler-core" "3.5.27"
    "@vue/shared" "3.5.27"

"@vue/compiler-sfc@3.5.27":
  version "3.5.27"
  resolved "https://registry.npmmirror.com/@vue/compiler-sfc/-/compiler-sfc-3.5.27.tgz"
  integrity sha512-sHZu9QyDPeDmN/MRoshhggVOWE5WlGFStKFwu8G52swATgSny27hJRWteKDSUUzUH+wp+bmeNbhJnEAel/auUQ==
  dependencies:
    "@babel/parser" "^7.28.5"
    "@vue/compiler-core" "3.5.27"
    "@vue/compiler-dom" "3.5.27"
    "@vue/compiler-ssr" "3.5.27"
    "@vue/shared" "3.5.27"
    estree-walker "^2.0.2"
    magic-string "^0.30.21"
    postcss "^8.5.6"
    source-map-js "^1.2.1"

"@vue/compiler-ssr@3.5.27":
  version "3.5.27"
  resolved "https://registry.npmmirror.com/@vue/compiler-ssr/-/compiler-ssr-3.5.27.tgz"
  integrity sha512-Sj7h+JHt512fV1cTxKlYhg7qxBvack+BGncSpH+8vnN+KN95iPIcqB5rsbblX40XorP+ilO7VIKlkuu3Xq2vjw==
  dependencies:
    "@vue/compiler-dom" "3.5.27"
    "@vue/shared" "3.5.27"

"@vue/reactivity@3.5.27":
  version "3.5.27"
  resolved "https://registry.npmmirror.com/@vue/reactivity/-/reactivity-3.5.27.tgz"
  integrity sha512-vvorxn2KXfJ0nBEnj4GYshSgsyMNFnIQah/wczXlsNXt+ijhugmW+PpJ2cNPe4V6jpnBcs0MhCODKllWG+nvoQ==
  dependencies:
    "@vue/shared" "3.5.27"

"@vue/runtime-core@3.5.27":
  version "3.5.27"
  resolved "https://registry.npmmirror.com/@vue/runtime-core/-/runtime-core-3.5.27.tgz"
  integrity sha512-fxVuX/fzgzeMPn/CLQecWeDIFNt3gQVhxM0rW02Tvp/YmZfXQgcTXlakq7IMutuZ/+Ogbn+K0oct9J3JZfyk3A==
  dependencies:
    "@vue/reactivity" "3.5.27"
    "@vue/shared" "3.5.27"

"@vue/runtime-dom@3.5.27":
  version "3.5.27"
  resolved "https://registry.npmmirror.com/@vue/runtime-dom/-/runtime-dom-3.5.27.tgz"
  integrity sha512-/QnLslQgYqSJ5aUmb5F0z0caZPGHRB8LEAQ1s81vHFM5CBfnun63rxhvE/scVb/j3TbBuoZwkJyiLCkBluMpeg==
  dependencies:
    "@vue/reactivity" "3.5.27"
    "@vue/runtime-core" "3.5.27"
    "@vue/shared" "3.5.27"
    csstype "^3.2.3"

"@vue/server-renderer@3.5.27":
  version "3.5.27"
  resolved "https://registry.npmmirror.com/@vue/server-renderer/-/server-renderer-3.5.27.tgz"
  integrity sha512-qOz/5thjeP1vAFc4+BY3Nr6wxyLhpeQgAE/8dDtKo6a6xdk+L4W46HDZgNmLOBUDEkFXV3G7pRiUqxjX0/2zWA==
  dependencies:
    "@vue/compiler-ssr" "3.5.27"
    "@vue/shared" "3.5.27"

"@vue/shared@3.5.27":
  version "3.5.27"
  resolved "https://registry.npmmirror.com/@vue/shared/-/shared-3.5.27.tgz"
  integrity sha512-dXr/3CgqXsJkZ0n9F3I4elY8wM9jMJpP3pvRG52r6m0tu/MsAFIe6JpXVGeNMd/D9F4hQynWT8Rfuj0bdm9kFQ==

cesium@1.95:
  version "1.95.0"
  resolved "https://registry.npmjs.org/cesium/-/cesium-1.95.0.tgz"
  integrity sha512-59U0lZD/wmSJa4t9FcK1/sp6PyCpx7h8c4giLd8VM7LJDL6w0G0o4QGlZ4TSJTBe4VIClf+qPDUf47wyBu4YoA==

csstype@^3.2.3:
  version "3.2.3"
  resolved "https://registry.npmmirror.com/csstype/-/csstype-3.2.3.tgz"
  integrity sha512-z1HGKcYy2xA8AGQfwrn0PAy+PB7X/GSj3UVJW9qKyn43xWa+gl5nXmU4qqLMRzWVLFC8KusUX8T/0kCiOYpAIQ==

detect-libc@^2.0.3:
  version "2.1.2"
  resolved "https://registry.npmmirror.com/detect-libc/-/detect-libc-2.1.2.tgz"
  integrity sha512-Btj2BOOO83o3WyH59e8MgXsxEQVcarkUOpEYrubB0urwnN10yQ364rsiByU11nZlqWYZm05i/of7io4mzihBtQ==

entities@^7.0.0:
  version "7.0.1"
  resolved "https://registry.npmmirror.com/entities/-/entities-7.0.1.tgz"
  integrity sha512-TWrgLOFUQTH994YUyl1yT4uyavY5nNB5muff+RtWaqNVCAK408b5ZnnbNAUEWLTCpum9w6arT70i1XdQ4UeOPA==

estree-walker@^2.0.2:
  version "2.0.2"
  resolved "https://registry.npmmirror.com/estree-walker/-/estree-walker-2.0.2.tgz"
  integrity sha512-Rfkk/Mp/DL7JVje3u18FxFujQlTNR2q6QfMSMB7AvCBx91NGj/ba3kCfza0f6dVDbw7YlRf/nDrn7pQrCCyQ/w==

fdir@^6.5.0:
  version "6.5.0"
  resolved "https://registry.npmmirror.com/fdir/-/fdir-6.5.0.tgz"
  integrity sha512-tIbYtZbucOs0BRGqPJkshJUYdL+SDH7dVM8gjy+ERp3WAUjLEFJE+02kanyHtwjWOnwrKYBiwAmM0p4kLJAnXg==

heatmap.js@^2.0.5:
  version "2.0.5"
  resolved "https://registry.npmmirror.com/heatmap.js/-/heatmap.js-2.0.5.tgz"
  integrity sha512-CG2gYFP5Cv9IQCXEg3ZRxnJDyAilhWnQlAuHYGuWVzv6mFtQelS1bR9iN80IyDmFECbFPbg6I0LR5uAFHgCthw==

lightningcss-win32-x64-msvc@1.31.1:
  version "1.31.1"
  resolved "https://registry.npmmirror.com/lightningcss-win32-x64-msvc/-/lightningcss-win32-x64-msvc-1.31.1.tgz"
  integrity sha512-I9aiFrbd7oYHwlnQDqr1Roz+fTz61oDDJX7n9tYF9FJymH1cIN1DtKw3iYt6b8WZgEjoNwVSncwF4wx/ZedMhw==

lightningcss@^1.30.2:
  version "1.31.1"
  resolved "https://registry.npmmirror.com/lightningcss/-/lightningcss-1.31.1.tgz"
  integrity sha512-l51N2r93WmGUye3WuFoN5k10zyvrVs0qfKBhyC5ogUQ6Ew6JUSswh78mbSO+IU3nTWsyOArqPCcShdQSadghBQ==
  dependencies:
    detect-libc "^2.0.3"
  optionalDependencies:
    lightningcss-android-arm64 "1.31.1"
    lightningcss-darwin-arm64 "1.31.1"
    lightningcss-darwin-x64 "1.31.1"
    lightningcss-freebsd-x64 "1.31.1"
    lightningcss-linux-arm-gnueabihf "1.31.1"
    lightningcss-linux-arm64-gnu "1.31.1"
    lightningcss-linux-arm64-musl "1.31.1"
    lightningcss-linux-x64-gnu "1.31.1"
    lightningcss-linux-x64-musl "1.31.1"
    lightningcss-win32-arm64-msvc "1.31.1"
    lightningcss-win32-x64-msvc "1.31.1"

magic-string@^0.30.21:
  version "0.30.21"
  resolved "https://registry.npmmirror.com/magic-string/-/magic-string-0.30.21.tgz"
  integrity sha512-vd2F4YUyEXKGcLHoq+TEyCjxueSeHnFxyyjNp80yg0XV4vUhnDer/lvvlqM/arB5bXQN5K2/3oinyCRyx8T2CQ==
  dependencies:
    "@jridgewell/sourcemap-codec" "^1.5.5"

mgrs@1.0.0:
  version "1.0.0"
  resolved "https://registry.npmjs.org/mgrs/-/mgrs-1.0.0.tgz"
  integrity sha512-awNbTOqCxK1DBGjalK3xqWIstBZgN6fxsMSiXLs9/spqWkF2pAhb2rrYCFSsr1/tT7PhcDGjZndG8SWYn0byYA==

nanoid@^3.3.11:
  version "3.3.11"
  resolved "https://registry.npmmirror.com/nanoid/-/nanoid-3.3.11.tgz"
  integrity sha512-N8SpfPUnUp1bK+PMYW8qSWdl9U+wwNWI4QKxOYDy9JAro3WMX7p2OeVRF9v+347pnakNevPmiHhNmZ2HbFA76w==

picocolors@^1.1.1:
  version "1.1.1"
  resolved "https://registry.npmmirror.com/picocolors/-/picocolors-1.1.1.tgz"
  integrity sha512-xceH2snhtb5M9liqDsmEw56le376mTZkEX/jEb/RxNFyegNul7eNslCXP9FDj/Lcu0X8KEyMceP2ntpaHrDEVA==

"picomatch@^3 || ^4", picomatch@^4.0.3:
  version "4.0.3"
  resolved "https://registry.npmmirror.com/picomatch/-/picomatch-4.0.3.tgz"
  integrity sha512-5gTmgEY/sqK6gFXLIsQNH19lWb4ebPDLA4SdLP7dsWkIXHWlG66oPuVvXSGFPppYZz8ZDZq0dYYrbHfBCVUb1Q==

postcss@^8.5.6:
  version "8.5.6"
  resolved "https://registry.npmmirror.com/postcss/-/postcss-8.5.6.tgz"
  integrity sha512-3Ybi1tAuwAP9s0r1UQ2J4n5Y0G05bJkpUIO0/bI9MhwmD70S5aTWbXGBwxHrelT+XM1k6dM0pk+SwNkpTRN7Pg==
  dependencies:
    nanoid "^3.3.11"
    picocolors "^1.1.1"
    source-map-js "^1.2.1"

proj4@^2.20.4:
  version "2.20.4"
  resolved "https://registry.npmjs.org/proj4/-/proj4-2.20.4.tgz"
  integrity sha512-/EEBoXjBw+zW1Lofinw0YFQ4OFOqC6XThnwRAgjEHw8WBN+wSy/6aeqRRdjy4b2igy3X0k3RNDuwcYqcQq7nDw==
  dependencies:
    mgrs "1.0.0"
    wkt-parser "^1.5.3"

rolldown@1.0.0-beta.50:
  version "1.0.0-beta.50"
  resolved "https://registry.npmmirror.com/rolldown/-/rolldown-1.0.0-beta.50.tgz"
  integrity sha512-JFULvCNl/anKn99eKjOSEubi0lLmNqQDAjyEMME2T4CwezUDL0i6t1O9xZsu2OMehPnV2caNefWpGF+8TnzB6A==
  dependencies:
    "@oxc-project/types" "=0.97.0"
    "@rolldown/pluginutils" "1.0.0-beta.50"
  optionalDependencies:
    "@rolldown/binding-android-arm64" "1.0.0-beta.50"
    "@rolldown/binding-darwin-arm64" "1.0.0-beta.50"
    "@rolldown/binding-darwin-x64" "1.0.0-beta.50"
    "@rolldown/binding-freebsd-x64" "1.0.0-beta.50"
    "@rolldown/binding-linux-arm-gnueabihf" "1.0.0-beta.50"
    "@rolldown/binding-linux-arm64-gnu" "1.0.0-beta.50"
    "@rolldown/binding-linux-arm64-musl" "1.0.0-beta.50"
    "@rolldown/binding-linux-x64-gnu" "1.0.0-beta.50"
    "@rolldown/binding-linux-x64-musl" "1.0.0-beta.50"
    "@rolldown/binding-openharmony-arm64" "1.0.0-beta.50"
    "@rolldown/binding-wasm32-wasi" "1.0.0-beta.50"
    "@rolldown/binding-win32-arm64-msvc" "1.0.0-beta.50"
    "@rolldown/binding-win32-ia32-msvc" "1.0.0-beta.50"
    "@rolldown/binding-win32-x64-msvc" "1.0.0-beta.50"

source-map-js@^1.2.1:
  version "1.2.1"
  resolved "https://registry.npmmirror.com/source-map-js/-/source-map-js-1.2.1.tgz"
  integrity sha512-UXWMKhLOwVKb728IUtQPXxfYU+usdybtUrK/8uGE8CQMvrhOpwvzDBwj0QhSL7MQc7vIsISBG8VQ8+IDQxpfQA==

tinyglobby@^0.2.15:
  version "0.2.15"
  resolved "https://registry.npmmirror.com/tinyglobby/-/tinyglobby-0.2.15.tgz"
  integrity sha512-j2Zq4NyQYG5XMST4cbs02Ak8iJUdxRM0XI5QyxXuZOzKOINmWurp3smXu3y5wDcJrptwpSjgXHzIQxR0omXljQ==
  dependencies:
    fdir "^6.5.0"
    picomatch "^4.0.3"

"vite@^5.0.0 || ^6.0.0 || ^7.0.0 || ^8.0.0-0", "vite@npm:rolldown-vite@7.2.5":
  version "7.2.5"
  resolved "https://registry.npmmirror.com/rolldown-vite/-/rolldown-vite-7.2.5.tgz"
  integrity sha512-u09tdk/huMiN8xwoiBbig197jKdCamQTtOruSalOzbqGje3jdHiV0njQlAW0YvzoahkirFePNQ4RYlfnRQpXZA==
  dependencies:
    "@oxc-project/runtime" "0.97.0"
    fdir "^6.5.0"
    lightningcss "^1.30.2"
    picomatch "^4.0.3"
    postcss "^8.5.6"
    rolldown "1.0.0-beta.50"
    tinyglobby "^0.2.15"
  optionalDependencies:
    fsevents "~2.3.3"

vue@^3.2.25, vue@^3.5.24, vue@3.5.27:
  version "3.5.27"
  resolved "https://registry.npmmirror.com/vue/-/vue-3.5.27.tgz"
  integrity sha512-aJ/UtoEyFySPBGarREmN4z6qNKpbEguYHMmXSiOGk69czc+zhs0NF6tEFrY8TZKAl8N/LYAkd4JHVd5E/AsSmw==
  dependencies:
    "@vue/compiler-dom" "3.5.27"
    "@vue/compiler-sfc" "3.5.27"
    "@vue/runtime-dom" "3.5.27"
    "@vue/server-renderer" "3.5.27"
    "@vue/shared" "3.5.27"

wkt-parser@^1.5.3:
  version "1.5.4"
  resolved "https://registry.npmjs.org/wkt-parser/-/wkt-parser-1.5.4.tgz"
  integrity sha512-heRp3QBynj8SAGepAkE8h2k4KhUGRqzgwlSRgqNhxjmSIeSvE5ZrV8n1uy5jk+iJO2jmfffIwjdAaTirBOOx0A==
